
Microsoft Visual Studio Solution File, Format Version 11.00
# Visual Studio 2010
Project("{CC5FD16D-436D-48AD-A40C-5A424C6E3E79}") = "WpgNetUserGroup", "WpgNetUserGroup\WpgNetUserGroup.ccproj", "{901F0164-2CA3-40E8-858D-7357A8EE0D54}"
EndProject
Project("{FAE04EC0-301F-11D3-BF4B-00C04F79EFBC}") = "WpgNetUserGroup_Web", "WpgNetUserGroup_Web\WpgNetUserGroup_Web.csproj", "{B0F20119-8E25-45B9-84F7-7836142ABA5A}"
EndProject
Global
	GlobalSection(SolutionConfigurationPlatforms) = preSolution
		Debug|Any CPU = Debug|Any CPU
		Release|Any CPU = Release|Any CPU
	EndGlobalSection
	GlobalSection(ProjectConfigurationPlatforms) = postSolution
		{901F0164-2CA3-40E8-858D-7357A8EE0D54}.Debug|Any CPU.ActiveCfg = Debug|Any CPU
		{901F0164-2CA3-40E8-858D-7357A8EE0D54}.Debug|Any CPU.Build.0 = Debug|Any CPU
		{901F0164-2CA3-40E8-858D-7357A8EE0D54}.Release|Any CPU.ActiveCfg = Release|Any CPU
		{901F0164-2CA3-40E8-858D-7357A8EE0D54}.Release|Any CPU.Build.0 = Release|Any CPU
		{B0F20119-8E25-45B9-84F7-7836142ABA5A}.Debug|Any CPU.ActiveCfg = Debug|Any CPU
		{B0F20119-8E25-45B9-84F7-7836142ABA5A}.Debug|Any CPU.Build.0 = Debug|Any CPU
		{B0F20119-8E25-45B9-84F7-7836142ABA5A}.Release|Any CPU.ActiveCfg = Release|Any CPU
		{B0F20119-8E25-45B9-84F7-7836142ABA5A}.Release|Any CPU.Build.0 = Release|Any CPU
	EndGlobalSection
	GlobalSection(SolutionProperties) = preSolution
		HideSolutionNode = FALSE
	EndGlobalSection
EndGlobal
